
Microsoft Visual Studio Solution File, Format Version 12.00
# Visual Studio Version 17
VisualStudioVersion = 17.12.35707.178 d17.12
MinimumVisualStudioVersion = 10.0.40219.1
Project("{FAE04EC0-301F-11D3-BF4B-00C04F79EFBC}") = "Checkout.Core", "Checkout.Core.csproj", "{8ACBD81F-8FC8-48CB-A4F3-21A1D7B025EC}"
EndProject
Project("{FAE04EC0-301F-11D3-BF4B-00C04F79EFBC}") = "Checkout.Core.Tests", "..\Checkout.Core.Tests\Checkout.Core.Tests.csproj", "{CA0802AE-B2F2-430A-B103-C22BFBB6BC54}"
EndProject
Global
	GlobalSection(SolutionConfigurationPlatforms) = preSolution
		Debug|Any CPU = Debug|Any CPU
		Release|Any CPU = Release|Any CPU
	EndGlobalSection
	GlobalSection(ProjectConfigurationPlatforms) = postSolution
		{8ACBD81F-8FC8-48CB-A4F3-21A1D7B025EC}.Debug|Any CPU.ActiveCfg = Debug|Any CPU
		{8ACBD81F-8FC8-48CB-A4F3-21A1D7B025EC}.Debug|Any CPU.Build.0 = Debug|Any CPU
		{8ACBD81F-8FC8-48CB-A4F3-21A1D7B025EC}.Release|Any CPU.ActiveCfg = Release|Any CPU
		{8ACBD81F-8FC8-48CB-A4F3-21A1D7B025EC}.Release|Any CPU.Build.0 = Release|Any CPU
		{CA0802AE-B2F2-430A-B103-C22BFBB6BC54}.Debug|Any CPU.ActiveCfg = Debug|Any CPU
		{CA0802AE-B2F2-430A-B103-C22BFBB6BC54}.Debug|Any CPU.Build.0 = Debug|Any CPU
		{CA0802AE-B2F2-430A-B103-C22BFBB6BC54}.Release|Any CPU.ActiveCfg = Release|Any CPU
		{CA0802AE-B2F2-430A-B103-C22BFBB6BC54}.Release|Any CPU.Build.0 = Release|Any CPU
	EndGlobalSection
	GlobalSection(SolutionProperties) = preSolution
		HideSolutionNode = FALSE
	EndGlobalSection
EndGlobal
